
Microsoft Visual Studio Solution File, Format Version 12.00
# Visual Studio Version 16
VisualStudioVersion = 16.0.810.25
MinimumVisualStudioVersion = 10.0.40219.1
Project("{FAE04EC0-301F-11D3-BF4B-00C04F79EFBC}") = "ExcelImport", "ExcelImport.csproj", "{63E75B29-BD26-4683-9C85-56A62A09B013}"
EndProject
Project("{FAE04EC0-301F-11D3-BF4B-00C04F79EFBC}") = "ExcelImport.Tests", "..\ExcelImport.Tests\ExcelImport.Tests.csproj", "{4240555D-916F-4077-9AFD-415C30662B8B}"
EndProject
Global
	GlobalSection(SolutionConfigurationPlatforms) = preSolution
		Debug|Any CPU = Debug|Any CPU
		Release|Any CPU = Release|Any CPU
	EndGlobalSection
	GlobalSection(ProjectConfigurationPlatforms) = postSolution
		{63E75B29-BD26-4683-9C85-56A62A09B013}.Debug|Any CPU.ActiveCfg = Debug|Any CPU
		{63E75B29-BD26-4683-9C85-56A62A09B013}.Debug|Any CPU.Build.0 = Debug|Any CPU
		{63E75B29-BD26-4683-9C85-56A62A09B013}.Release|Any CPU.ActiveCfg = Release|Any CPU
		{63E75B29-BD26-4683-9C85-56A62A09B013}.Release|Any CPU.Build.0 = Release|Any CPU
		{4240555D-916F-4077-9AFD-415C30662B8B}.Debug|Any CPU.ActiveCfg = Debug|Any CPU
		{4240555D-916F-4077-9AFD-415C30662B8B}.Debug|Any CPU.Build.0 = Debug|Any CPU
		{4240555D-916F-4077-9AFD-415C30662B8B}.Release|Any CPU.ActiveCfg = Release|Any CPU
		{4240555D-916F-4077-9AFD-415C30662B8B}.Release|Any CPU.Build.0 = Release|Any CPU
	EndGlobalSection
	GlobalSection(SolutionProperties) = preSolution
		HideSolutionNode = FALSE
	EndGlobalSection
	GlobalSection(ExtensibilityGlobals) = postSolution
		SolutionGuid = {8A7AE9C8-065B-4338-B0EF-F882C3534149}
	EndGlobalSection
EndGlobal
